
Microsoft Visual Studio Solution File, Format Version 12.00
# Visual Studio Version 17
VisualStudioVersion = 17.1.32414.318
MinimumVisualStudioVersion = 10.0.40219.1
Project("{2150E333-8FDC-42A3-9474-1A3956D46DE8}") = "Services", "Services", "{7F9A52EA-C308-4E86-8622-32A525F96A2D}"
EndProject
Project("{2150E333-8FDC-42A3-9474-1A3956D46DE8}") = "Service1", "Service1", "{239102B9-61A3-4829-AF72-1487A5DA05C2}"
EndProject
Project("{9A19103F-16F7-4668-BE54-9A1E7A4F7556}") = "Service1.API", "Services\Service1\Service1.API\Service1.API.csproj", "{CEA70CAA-7DBB-4D19-8F30-EA7744FE48D8}"
EndProject
Project("{2150E333-8FDC-42A3-9474-1A3956D46DE8}") = "Entities", "Entities", "{32523A65-F9B3-4E5B-A515-CA558A3CC099}"
EndProject
Project("{FAE04EC0-301F-11D3-BF4B-00C04F79EFBC}") = "Service1.Data.Entity.Products", "Services\Service1\Entities\Service1.Data.Entity.Products\Service1.Data.Entity.Products.csproj", "{3CCC2349-9D56-4C73-9104-D6112054C229}"
EndProject
Project("{2150E333-8FDC-42A3-9474-1A3956D46DE8}") = "Contracts", "Contracts", "{70644CB1-7714-4B12-B5DF-29A113132DFA}"
EndProject
Project("{FAE04EC0-301F-11D3-BF4B-00C04F79EFBC}") = "Services.Contracts", "Contracts\Services.Contracts\Services.Contracts.csproj", "{2E96E3B6-12FE-47CB-A2EA-716978AD92E3}"
EndProject
Global
	GlobalSection(SolutionConfigurationPlatforms) = preSolution
		Debug|Any CPU = Debug|Any CPU
		Release|Any CPU = Release|Any CPU
	EndGlobalSection
	GlobalSection(ProjectConfigurationPlatforms) = postSolution
		{CEA70CAA-7DBB-4D19-8F30-EA7744FE48D8}.Debug|Any CPU.ActiveCfg = Debug|Any CPU
		{CEA70CAA-7DBB-4D19-8F30-EA7744FE48D8}.Debug|Any CPU.Build.0 = Debug|Any CPU
		{CEA70CAA-7DBB-4D19-8F30-EA7744FE48D8}.Release|Any CPU.ActiveCfg = Release|Any CPU
		{CEA70CAA-7DBB-4D19-8F30-EA7744FE48D8}.Release|Any CPU.Build.0 = Release|Any CPU
		{3CCC2349-9D56-4C73-9104-D6112054C229}.Debug|Any CPU.ActiveCfg = Debug|Any CPU
		{3CCC2349-9D56-4C73-9104-D6112054C229}.Debug|Any CPU.Build.0 = Debug|Any CPU
		{3CCC2349-9D56-4C73-9104-D6112054C229}.Release|Any CPU.ActiveCfg = Release|Any CPU
		{3CCC2349-9D56-4C73-9104-D6112054C229}.Release|Any CPU.Build.0 = Release|Any CPU
		{2E96E3B6-12FE-47CB-A2EA-716978AD92E3}.Debug|Any CPU.ActiveCfg = Debug|Any CPU
		{2E96E3B6-12FE-47CB-A2EA-716978AD92E3}.Debug|Any CPU.Build.0 = Debug|Any CPU
		{2E96E3B6-12FE-47CB-A2EA-716978AD92E3}.Release|Any CPU.ActiveCfg = Release|Any CPU
		{2E96E3B6-12FE-47CB-A2EA-716978AD92E3}.Release|Any CPU.Build.0 = Release|Any CPU
	EndGlobalSection
	GlobalSection(SolutionProperties) = preSolution
		HideSolutionNode = FALSE
	EndGlobalSection
	GlobalSection(NestedProjects) = preSolution
		{239102B9-61A3-4829-AF72-1487A5DA05C2} = {7F9A52EA-C308-4E86-8622-32A525F96A2D}
		{CEA70CAA-7DBB-4D19-8F30-EA7744FE48D8} = {239102B9-61A3-4829-AF72-1487A5DA05C2}
		{32523A65-F9B3-4E5B-A515-CA558A3CC099} = {239102B9-61A3-4829-AF72-1487A5DA05C2}
		{3CCC2349-9D56-4C73-9104-D6112054C229} = {32523A65-F9B3-4E5B-A515-CA558A3CC099}
		{2E96E3B6-12FE-47CB-A2EA-716978AD92E3} = {70644CB1-7714-4B12-B5DF-29A113132DFA}
	EndGlobalSection
	GlobalSection(ExtensibilityGlobals) = postSolution
		SolutionGuid = {DE268977-9249-4014-9E63-3201D16749D4}
	EndGlobalSection
EndGlobal
